
Microsoft Visual Studio Solution File, Format Version 12.00
# Visual Studio Version 17
VisualStudioVersion = 17.0.32014.148
MinimumVisualStudioVersion = 10.0.40219.1
Project("{9A19103F-16F7-4668-BE54-9A1E7A4F7556}") = "POCConsole", "POCConsole\POCConsole.csproj", "{BA879D2C-EC84-4F63-85E2-9A802EC4790E}"
EndProject
Project("{9A19103F-16F7-4668-BE54-9A1E7A4F7556}") = "SpecFlowProject1", "SpecFlowProject1\SpecFlowProject1.csproj", "{786F20ED-21C0-4B75-BD47-A18BF1078CA0}"
EndProject
Project("{9A19103F-16F7-4668-BE54-9A1E7A4F7556}") = "ApiIntegrationTest.Cli", "ApiIntegrationTest.Cli\ApiIntegrationTest.Cli.csproj", "{F41A00A2-BCF5-4D46-876B-A55B7AD68E73}"
EndProject
Project("{9A19103F-16F7-4668-BE54-9A1E7A4F7556}") = "GrpcService1", "GrpcService1\GrpcService1.csproj", "{6E3EFA59-BD02-48F8-B2E7-B9109D8F1B68}"
EndProject
Project("{9A19103F-16F7-4668-BE54-9A1E7A4F7556}") = "Grpc.ClientTest", "Grpc.ClientTest\Grpc.ClientTest.csproj", "{F639B3FC-156C-4959-AFD8-57679DDD0771}"
EndProject
Project("{9A19103F-16F7-4668-BE54-9A1E7A4F7556}") = "POCWebApplication", "POCWebApplication\POCWebApplication.csproj", "{63193B19-1EFF-4CAA-AA79-405252EBEBD6}"
EndProject
Project("{2150E333-8FDC-42A3-9474-1A3956D46DE8}") = "Web", "Web", "{DA74190D-4791-438A-A100-7CF6AD848CFC}"
EndProject
Project("{9A19103F-16F7-4668-BE54-9A1E7A4F7556}") = "MinimalOne", "Web\MinimalOne\MinimalOne.csproj", "{C0AA0CAE-A8C2-4DCE-A328-744EC9E4B8BE}"
EndProject
Project("{9A19103F-16F7-4668-BE54-9A1E7A4F7556}") = "MinimalTwo", "Web\MinimalTwo\MinimalTwo.csproj", "{0F2B1EA2-1DAE-4390-A908-17CBFFDB4B60}"
EndProject
Project("{9A19103F-16F7-4668-BE54-9A1E7A4F7556}") = "MinimalDocker", "MinimalDocker\MinimalDocker.csproj", "{3D37F0E8-D684-467E-8681-82AC2C388475}"
EndProject
Global
	GlobalSection(SolutionConfigurationPlatforms) = preSolution
		Debug|Any CPU = Debug|Any CPU
		Release|Any CPU = Release|Any CPU
	EndGlobalSection
	GlobalSection(ProjectConfigurationPlatforms) = postSolution
		{BA879D2C-EC84-4F63-85E2-9A802EC4790E}.Debug|Any CPU.ActiveCfg = Debug|Any CPU
		{BA879D2C-EC84-4F63-85E2-9A802EC4790E}.Debug|Any CPU.Build.0 = Debug|Any CPU
		{BA879D2C-EC84-4F63-85E2-9A802EC4790E}.Release|Any CPU.ActiveCfg = Release|Any CPU
		{BA879D2C-EC84-4F63-85E2-9A802EC4790E}.Release|Any CPU.Build.0 = Release|Any CPU
		{786F20ED-21C0-4B75-BD47-A18BF1078CA0}.Debug|Any CPU.ActiveCfg = Debug|Any CPU
		{786F20ED-21C0-4B75-BD47-A18BF1078CA0}.Debug|Any CPU.Build.0 = Debug|Any CPU
		{786F20ED-21C0-4B75-BD47-A18BF1078CA0}.Release|Any CPU.ActiveCfg = Release|Any CPU
		{786F20ED-21C0-4B75-BD47-A18BF1078CA0}.Release|Any CPU.Build.0 = Release|Any CPU
		{F41A00A2-BCF5-4D46-876B-A55B7AD68E73}.Debug|Any CPU.ActiveCfg = Debug|Any CPU
		{F41A00A2-BCF5-4D46-876B-A55B7AD68E73}.Debug|Any CPU.Build.0 = Debug|Any CPU
		{F41A00A2-BCF5-4D46-876B-A55B7AD68E73}.Release|Any CPU.ActiveCfg = Release|Any CPU
		{F41A00A2-BCF5-4D46-876B-A55B7AD68E73}.Release|Any CPU.Build.0 = Release|Any CPU
		{6E3EFA59-BD02-48F8-B2E7-B9109D8F1B68}.Debug|Any CPU.ActiveCfg = Debug|Any CPU
		{6E3EFA59-BD02-48F8-B2E7-B9109D8F1B68}.Debug|Any CPU.Build.0 = Debug|Any CPU
		{6E3EFA59-BD02-48F8-B2E7-B9109D8F1B68}.Release|Any CPU.ActiveCfg = Release|Any CPU
		{6E3EFA59-BD02-48F8-B2E7-B9109D8F1B68}.Release|Any CPU.Build.0 = Release|Any CPU
		{F639B3FC-156C-4959-AFD8-57679DDD0771}.Debug|Any CPU.ActiveCfg = Debug|Any CPU
		{F639B3FC-156C-4959-AFD8-57679DDD0771}.Debug|Any CPU.Build.0 = Debug|Any CPU
		{F639B3FC-156C-4959-AFD8-57679DDD0771}.Release|Any CPU.ActiveCfg = Release|Any CPU
		{F639B3FC-156C-4959-AFD8-57679DDD0771}.Release|Any CPU.Build.0 = Release|Any CPU
		{63193B19-1EFF-4CAA-AA79-405252EBEBD6}.Debug|Any CPU.ActiveCfg = Debug|Any CPU
		{63193B19-1EFF-4CAA-AA79-405252EBEBD6}.Debug|Any CPU.Build.0 = Debug|Any CPU
		{63193B19-1EFF-4CAA-AA79-405252EBEBD6}.Release|Any CPU.ActiveCfg = Release|Any CPU
		{63193B19-1EFF-4CAA-AA79-405252EBEBD6}.Release|Any CPU.Build.0 = Release|Any CPU
		{C0AA0CAE-A8C2-4DCE-A328-744EC9E4B8BE}.Debug|Any CPU.ActiveCfg = Debug|Any CPU
		{C0AA0CAE-A8C2-4DCE-A328-744EC9E4B8BE}.Debug|Any CPU.Build.0 = Debug|Any CPU
		{C0AA0CAE-A8C2-4DCE-A328-744EC9E4B8BE}.Release|Any CPU.ActiveCfg = Release|Any CPU
		{C0AA0CAE-A8C2-4DCE-A328-744EC9E4B8BE}.Release|Any CPU.Build.0 = Release|Any CPU
		{0F2B1EA2-1DAE-4390-A908-17CBFFDB4B60}.Debug|Any CPU.ActiveCfg = Debug|Any CPU
		{0F2B1EA2-1DAE-4390-A908-17CBFFDB4B60}.Debug|Any CPU.Build.0 = Debug|Any CPU
		{0F2B1EA2-1DAE-4390-A908-17CBFFDB4B60}.Release|Any CPU.ActiveCfg = Release|Any CPU
		{0F2B1EA2-1DAE-4390-A908-17CBFFDB4B60}.Release|Any CPU.Build.0 = Release|Any CPU
		{3D37F0E8-D684-467E-8681-82AC2C388475}.Debug|Any CPU.ActiveCfg = Debug|Any CPU
		{3D37F0E8-D684-467E-8681-82AC2C388475}.Debug|Any CPU.Build.0 = Debug|Any CPU
		{3D37F0E8-D684-467E-8681-82AC2C388475}.Release|Any CPU.ActiveCfg = Release|Any CPU
		{3D37F0E8-D684-467E-8681-82AC2C388475}.Release|Any CPU.Build.0 = Release|Any CPU
	EndGlobalSection
	GlobalSection(SolutionProperties) = preSolution
		HideSolutionNode = FALSE
	EndGlobalSection
	GlobalSection(NestedProjects) = preSolution
		{6E3EFA59-BD02-48F8-B2E7-B9109D8F1B68} = {DA74190D-4791-438A-A100-7CF6AD848CFC}
		{F639B3FC-156C-4959-AFD8-57679DDD0771} = {DA74190D-4791-438A-A100-7CF6AD848CFC}
		{63193B19-1EFF-4CAA-AA79-405252EBEBD6} = {DA74190D-4791-438A-A100-7CF6AD848CFC}
		{C0AA0CAE-A8C2-4DCE-A328-744EC9E4B8BE} = {DA74190D-4791-438A-A100-7CF6AD848CFC}
		{0F2B1EA2-1DAE-4390-A908-17CBFFDB4B60} = {DA74190D-4791-438A-A100-7CF6AD848CFC}
		{3D37F0E8-D684-467E-8681-82AC2C388475} = {DA74190D-4791-438A-A100-7CF6AD848CFC}
	EndGlobalSection
	GlobalSection(ExtensibilityGlobals) = postSolution
		SolutionGuid = {540CC91F-571B-43BA-AF4F-461720B76C81}
	EndGlobalSection
EndGlobal
